
Microsoft Visual Studio Solution File, Format Version 12.00
# Visual Studio Version 16
VisualStudioVersion = 16.0.30114.105
MinimumVisualStudioVersion = 10.0.40219.1
Project("{FAE04EC0-301F-11D3-BF4B-00C04F79EFBC}") = "KariyerPlatform", "KariyerPlatform\KariyerPlatform.csproj", "{F7C788E1-B0E6-4B83-938D-6A275BF92F32}"
EndProject
Project("{FAE04EC0-301F-11D3-BF4B-00C04F79EFBC}") = "KariyerPlatform.Data", "KariyerPlatform.Data\KariyerPlatform.Data.csproj", "{2879A967-F860-4C08-B933-AB1C6D175FE9}"
EndProject
Project("{FAE04EC0-301F-11D3-BF4B-00C04F79EFBC}") = "KariyerPlatform.Service", "KariyerPlatform.Service\KariyerPlatform.Service.csproj", "{2B1B00EA-5A80-44F8-B107-DCBD9020E08A}"
EndProject
Global
	GlobalSection(SolutionConfigurationPlatforms) = preSolution
		Debug|Any CPU = Debug|Any CPU
		Release|Any CPU = Release|Any CPU
	EndGlobalSection
	GlobalSection(ProjectConfigurationPlatforms) = postSolution
		{F7C788E1-B0E6-4B83-938D-6A275BF92F32}.Debug|Any CPU.ActiveCfg = Debug|Any CPU
		{F7C788E1-B0E6-4B83-938D-6A275BF92F32}.Debug|Any CPU.Build.0 = Debug|Any CPU
		{F7C788E1-B0E6-4B83-938D-6A275BF92F32}.Release|Any CPU.ActiveCfg = Release|Any CPU
		{F7C788E1-B0E6-4B83-938D-6A275BF92F32}.Release|Any CPU.Build.0 = Release|Any CPU
		{2879A967-F860-4C08-B933-AB1C6D175FE9}.Debug|Any CPU.ActiveCfg = Debug|Any CPU
		{2879A967-F860-4C08-B933-AB1C6D175FE9}.Debug|Any CPU.Build.0 = Debug|Any CPU
		{2879A967-F860-4C08-B933-AB1C6D175FE9}.Release|Any CPU.ActiveCfg = Release|Any CPU
		{2879A967-F860-4C08-B933-AB1C6D175FE9}.Release|Any CPU.Build.0 = Release|Any CPU
		{2B1B00EA-5A80-44F8-B107-DCBD9020E08A}.Debug|Any CPU.ActiveCfg = Debug|Any CPU
		{2B1B00EA-5A80-44F8-B107-DCBD9020E08A}.Debug|Any CPU.Build.0 = Debug|Any CPU
		{2B1B00EA-5A80-44F8-B107-DCBD9020E08A}.Release|Any CPU.ActiveCfg = Release|Any CPU
		{2B1B00EA-5A80-44F8-B107-DCBD9020E08A}.Release|Any CPU.Build.0 = Release|Any CPU
	EndGlobalSection
	GlobalSection(SolutionProperties) = preSolution
		HideSolutionNode = FALSE
	EndGlobalSection
	GlobalSection(ExtensibilityGlobals) = postSolution
		SolutionGuid = {C6AF4A43-3293-477C-9B40-4D56650D2D2D}
	EndGlobalSection
EndGlobal
